
Microsoft Visual Studio Solution File, Format Version 12.00
# Visual Studio Version 17
VisualStudioVersion = 17.0.31903.59
MinimumVisualStudioVersion = 10.0.40219.1
Project("{2150E333-8FDC-42A3-9474-1A3956D46DE8}") = "Core", "Core", "{9988551B-025C-46D4-AFDD-285C9A49967C}"
EndProject
Project("{FAE04EC0-301F-11D3-BF4B-00C04F79EFBC}") = "Application", "Core\Application\Application.csproj", "{A334694E-4E06-48F5-8247-D3DF8CF5311C}"
EndProject
Project("{2150E333-8FDC-42A3-9474-1A3956D46DE8}") = "Infrastructure", "Infrastructure", "{9DEF24E0-5E66-4AC4-9BCA-6A999197C4B0}"
EndProject
Project("{FAE04EC0-301F-11D3-BF4B-00C04F79EFBC}") = "Database", "Infrastructure\Database\Database.csproj", "{F975C79C-7D10-45E9-B8C9-964F372FC7AD}"
EndProject
Project("{2150E333-8FDC-42A3-9474-1A3956D46DE8}") = "Presentation", "Presentation", "{367C72A8-1A2B-4365-9F5E-BCD9104F13E9}"
EndProject
Project("{FAE04EC0-301F-11D3-BF4B-00C04F79EFBC}") = "YarnAlternatives", "Presentation\YarnAlternatives\YarnAlternatives.csproj", "{7A011121-B3B4-47BF-84A1-B0B8606AFA47}"
EndProject
Project("{2150E333-8FDC-42A3-9474-1A3956D46DE8}") = "Solution Items", "Solution Items", "{37EEF982-BB34-45D6-B492-8CB17C15A52C}"
	ProjectSection(SolutionItems) = preProject
		compose.yaml = compose.yaml
	EndProjectSection
EndProject
Project("{FAE04EC0-301F-11D3-BF4B-00C04F79EFBC}") = "Test", "Test\Test.csproj", "{E7D72CC6-CABF-4684-9874-80FC265BA1C9}"
EndProject
Project("{FAE04EC0-301F-11D3-BF4B-00C04F79EFBC}") = "Web", "Web\Web.csproj", "{C349482C-428F-4C39-87B7-19122A5730EF}"
EndProject
Global
	GlobalSection(SolutionConfigurationPlatforms) = preSolution
		Debug|Any CPU = Debug|Any CPU
		Release|Any CPU = Release|Any CPU
	EndGlobalSection
	GlobalSection(SolutionProperties) = preSolution
		HideSolutionNode = FALSE
	EndGlobalSection
	GlobalSection(ProjectConfigurationPlatforms) = postSolution
		{A334694E-4E06-48F5-8247-D3DF8CF5311C}.Debug|Any CPU.ActiveCfg = Debug|Any CPU
		{A334694E-4E06-48F5-8247-D3DF8CF5311C}.Debug|Any CPU.Build.0 = Debug|Any CPU
		{A334694E-4E06-48F5-8247-D3DF8CF5311C}.Release|Any CPU.ActiveCfg = Release|Any CPU
		{A334694E-4E06-48F5-8247-D3DF8CF5311C}.Release|Any CPU.Build.0 = Release|Any CPU
		{F975C79C-7D10-45E9-B8C9-964F372FC7AD}.Debug|Any CPU.ActiveCfg = Debug|Any CPU
		{F975C79C-7D10-45E9-B8C9-964F372FC7AD}.Debug|Any CPU.Build.0 = Debug|Any CPU
		{F975C79C-7D10-45E9-B8C9-964F372FC7AD}.Release|Any CPU.ActiveCfg = Release|Any CPU
		{F975C79C-7D10-45E9-B8C9-964F372FC7AD}.Release|Any CPU.Build.0 = Release|Any CPU
		{7A011121-B3B4-47BF-84A1-B0B8606AFA47}.Debug|Any CPU.ActiveCfg = Debug|Any CPU
		{7A011121-B3B4-47BF-84A1-B0B8606AFA47}.Debug|Any CPU.Build.0 = Debug|Any CPU
		{7A011121-B3B4-47BF-84A1-B0B8606AFA47}.Release|Any CPU.ActiveCfg = Release|Any CPU
		{7A011121-B3B4-47BF-84A1-B0B8606AFA47}.Release|Any CPU.Build.0 = Release|Any CPU
		{E7D72CC6-CABF-4684-9874-80FC265BA1C9}.Debug|Any CPU.ActiveCfg = Debug|Any CPU
		{E7D72CC6-CABF-4684-9874-80FC265BA1C9}.Debug|Any CPU.Build.0 = Debug|Any CPU
		{E7D72CC6-CABF-4684-9874-80FC265BA1C9}.Release|Any CPU.ActiveCfg = Release|Any CPU
		{E7D72CC6-CABF-4684-9874-80FC265BA1C9}.Release|Any CPU.Build.0 = Release|Any CPU
		{C349482C-428F-4C39-87B7-19122A5730EF}.Debug|Any CPU.ActiveCfg = Debug|Any CPU
		{C349482C-428F-4C39-87B7-19122A5730EF}.Debug|Any CPU.Build.0 = Debug|Any CPU
		{C349482C-428F-4C39-87B7-19122A5730EF}.Release|Any CPU.ActiveCfg = Release|Any CPU
		{C349482C-428F-4C39-87B7-19122A5730EF}.Release|Any CPU.Build.0 = Release|Any CPU
	EndGlobalSection
	GlobalSection(NestedProjects) = preSolution
		{A334694E-4E06-48F5-8247-D3DF8CF5311C} = {9988551B-025C-46D4-AFDD-285C9A49967C}
		{F975C79C-7D10-45E9-B8C9-964F372FC7AD} = {9DEF24E0-5E66-4AC4-9BCA-6A999197C4B0}
		{7A011121-B3B4-47BF-84A1-B0B8606AFA47} = {367C72A8-1A2B-4365-9F5E-BCD9104F13E9}
		{C349482C-428F-4C39-87B7-19122A5730EF} = {367C72A8-1A2B-4365-9F5E-BCD9104F13E9}
	EndGlobalSection
EndGlobal
